// !$*UTF8*$!
{
	archiveVersion = 1;
	classes = {
	};
	objectVersion = 50;
	objects = {

/* Begin PBXBuildFile section */
		04107ED722BEB0C0006B0184 /* Philosopher.swift in Sources */ = {isa = PBXBuildFile; fileRef = 04107ED622BEB0C0006B0184 /* Philosopher.swift */; };
		04107ED922BEB0D5006B0184 /* ForkPair.swift in Sources */ = {isa = PBXBuildFile; fileRef = 04107ED822BEB0D5006B0184 /* ForkPair.swift */; };
		043BCAA422B44E4800F1A2BB /* AppDelegate.swift in Sources */ = {isa = PBXBuildFile; fileRef = 043BCAA322B44E4800F1A2BB /* AppDelegate.swift */; };
		043BCAA622B44E4800F1A2BB /* ViewController.swift in Sources */ = {isa = PBXBuildFile; fileRef = 043BCAA522B44E4800F1A2BB /* ViewController.swift */; };
		043BCAA922B44E4800F1A2BB /* Main.storyboard in Resources */ = {isa = PBXBuildFile; fileRef = 043BCAA722B44E4800F1A2BB /* Main.storyboard */; };
		043BCAAB22B44E4A00F1A2BB /* Assets.xcassets in Resources */ = {isa = PBXBuildFile; fileRef = 043BCAAA22B44E4A00F1A2BB /* Assets.xcassets */; };
		043BCAAE22B44E4A00F1A2BB /* LaunchScreen.storyboard in Resources */ = {isa = PBXBuildFile; fileRef = 043BCAAC22B44E4A00F1A2BB /* LaunchScreen.storyboard */; };
/* End PBXBuildFile section */

/* Begin PBXFileReference section */
		04107ED622BEB0C0006B0184 /* Philosopher.swift */ = {isa = PBXFileReference; lastKnownFileType = sourcecode.swift; path = Philosopher.swift; sourceTree = "<group>"; };
		04107ED822BEB0D5006B0184 /* ForkPair.swift */ = {isa = PBXFileReference; lastKnownFileType = sourcecode.swift; path = ForkPair.swift; sourceTree = "<group>"; };
		043BCAA022B44E4800F1A2BB /* DIningPhilosophers.app */ = {isa = PBXFileReference; explicitFileType = wrapper.application; includeInIndex = 0; path = DIningPhilosophers.app; sourceTree = BUILT_PRODUCTS_DIR; };
		043BCAA322B44E4800F1A2BB /* AppDelegate.swift */ = {isa = PBXFileReference; lastKnownFileType = sourcecode.swift; path = AppDelegate.swift; sourceTree = "<group>"; };
		043BCAA522B44E4800F1A2BB /* ViewController.swift */ = {isa = PBXFileReference; lastKnownFileType = sourcecode.swift; path = ViewController.swift; sourceTree = "<group>"; };
		043BCAA822B44E4800F1A2BB /* Base */ = {isa = PBXFileReference; lastKnownFileType = file.storyboard; name = Base; path = Base.lproj/Main.storyboard; sourceTree = "<group>"; };
		043BCAAA22B44E4A00F1A2BB /* Assets.xcassets */ = {isa = PBXFileReference; lastKnownFileType = folder.assetcatalog; path = Assets.xcassets; sourceTree = "<group>"; };
		043BCAAD22B44E4A00F1A2BB /* Base */ = {isa = PBXFileReference; lastKnownFileType = file.storyboard; name = Base; path = Base.lproj/LaunchScreen.storyboard; sourceTree = "<group>"; };
		043BCAAF22B44E4A00F1A2BB /* Info.plist */ = {isa = PBXFileReference; lastKnownFileType = text.plist.xml; path = Info.plist; sourceTree = "<group>"; };
/* End PBXFileReference section */

/* Begin PBXFrameworksBuildPhase section */
		043BCA9D22B44E4800F1A2BB /* Frameworks */ = {
			isa = PBXFrameworksBuildPhase;
			buildActionMask = 2147483647;
			files = (
			);
			runOnlyForDeploymentPostprocessing = 0;
		};
/* End PBXFrameworksBuildPhase section */

/* Begin PBXGroup section */
		043BCA9722B44E4800F1A2BB = {
			isa = PBXGroup;
			children = (
				043BCAA222B44E4800F1A2BB /* DIningPhilosophers */,
				043BCAA122B44E4800F1A2BB /* Products */,
			);
			sourceTree = "<group>";
		};
		043BCAA122B44E4800F1A2BB /* Products */ = {
			isa = PBXGroup;
			children = (
				043BCAA022B44E4800F1A2BB /* DIningPhilosophers.app */,
			);
			name = Products;
			sourceTree = "<group>";
		};
		043BCAA222B44E4800F1A2BB /* DIningPhilosophers */ = {
			isa = PBXGroup;
			children = (
				043BCAA322B44E4800F1A2BB /* AppDelegate.swift */,
				043BCAA522B44E4800F1A2BB /* ViewController.swift */,
				043BCAA722B44E4800F1A2BB /* Main.storyboard */,
				043BCAAA22B44E4A00F1A2BB /* Assets.xcassets */,
				043BCAAC22B44E4A00F1A2BB /* LaunchScreen.storyboard */,
				043BCAAF22B44E4A00F1A2BB /* Info.plist */,
				04107ED622BEB0C0006B0184 /* Philosopher.swift */,
				04107ED822BEB0D5006B0184 /* ForkPair.swift */,
			);
			path = DIningPhilosophers;
			sourceTree = "<group>";
		};
/* End PBXGroup section */

/* Begin PBXNativeTarget section */
		043BCA9F22B44E4800F1A2BB /* DIningPhilosophers */ = {
			isa = PBXNativeTarget;
			buildConfigurationList = 043BCAB222B44E4A00F1A2BB /* Build configuration list for PBXNativeTarget "DIningPhilosophers" */;
			buildPhases = (
				043BCA9C22B44E4800F1A2BB /* Sources */,
				043BCA9D22B44E4800F1A2BB /* Frameworks */,
				043BCA9E22B44E4800F1A2BB /* Resources */,
			);
			buildRules = (
			);
			dependencies = (
			);
			name = DIningPhilosophers;
			productName = DIningPhilosophers;
			productReference = 043BCAA022B44E4800F1A2BB /* DIningPhilosophers.app */;
			productType = "com.apple.product-type.application";
		};
/* End PBXNativeTarget section */

/* Begin PBXProject section */
		043BCA9822B44E4800F1A2BB /* Project object */ = {
			isa = PBXProject;
			attributes = {
				LastSwiftUpdateCheck = 1020;
				LastUpgradeCheck = 1020;
				ORGANIZATIONNAME = sarinswift;
				TargetAttributes = {
					043BCA9F22B44E4800F1A2BB = {
						CreatedOnToolsVersion = 10.2.1;
					};
				};
			};
			buildConfigurationList = 043BCA9B22B44E4800F1A2BB /* Build configuration list for PBXProject "DIningPhilosophers" */;
			compatibilityVersion = "Xcode 9.3";
			developmentRegion = en;
			hasScannedForEncodings = 0;
			knownRegions = (
				en,
				Base,
			);
			mainGroup = 043BCA9722B44E4800F1A2BB;
			productRefGroup = 043BCAA122B44E4800F1A2BB /* Products */;
			projectDirPath = "";
			projectRoot = "";
			targets = (
				043BCA9F22B44E4800F1A2BB /* DIningPhilosophers */,
			);
		};
/* End PBXProject section */

/* Begin PBXResourcesBuildPhase section */
		043BCA9E22B44E4800F1A2BB /* Resources */ = {
			isa = PBXResourcesBuildPhase;
			buildActionMask = 2147483647;
			files = (
				043BCAAE22B44E4A00F1A2BB /* LaunchScreen.storyboard in Resources */,
				043BCAAB22B44E4A00F1A2BB /* Assets.xcassets in Resources */,
				043BCAA922B44E4800F1A2BB /* Main.storyboard in Resources */,
			);
			runOnlyForDeploymentPostprocessing = 0;
		};
/* End PBXResourcesBuildPhase section */

/* Begin PBXSourcesBuildPhase section */
		043BCA9C22B44E4800F1A2BB /* Sources */ = {
			isa = PBXSourcesBuildPhase;
			buildActionMask = 2147483647;
			files = (
				043BCAA622B44E4800F1A2BB /* ViewController.swift in Sources */,
				04107ED722BEB0C0006B0184 /* Philosopher.swift in Sources */,
				043BCAA422B44E4800F1A2BB /* AppDelegate.swift in Sources */,
				04107ED922BEB0D5006B0184 /* ForkPair.swift in Sources */,
			);
			runOnlyForDeploymentPostprocessing = 0;
		};
/* End PBXSourcesBuildPhase section */

/* Begin PBXVariantGroup section */
		043BCAA722B44E4800F1A2BB /* Main.storyboard */ = {
			isa = PBXVariantGroup;
			children = (
				043BCAA822B44E4800F1A2BB /* Base */,
			);
			name = Main.storyboard;
			sourceTree = "<group>";
		};
		043BCAAC22B44E4A00F1A2BB /* LaunchScreen.storyboard */ = {
			isa = PBXVariantGroup;
			children = (
				043BCAAD22B44E4A00F1A2BB /* Base */,
			);
			name = LaunchScreen.storyboard;
			sourceTree = "<group>";
		};
/* End PBXVariantGroup section */

/* Begin XCBuildConfiguration section */
		043BCAB022B44E4A00F1A2BB /* Debug */ = {
			isa = XCBuildConfiguration;
			buildSettings = {
				ALWAYS_SEARCH_USER_PATHS = NO;
				CLANG_ANALYZER_NONNULL = YES;
				CLANG_ANALYZER_NUMBER_OBJECT_CONVERSION = YES_AGGRESSIVE;
				CLANG_CXX_LANGUAGE_STANDARD = "gnu++14";
				CLANG_CXX_LIBRARY = "libc++";
				CLANG_ENABLE_MODULES = YES;
				CLANG_ENABLE_OBJC_ARC = YES;
				CLANG_ENABLE_OBJC_WEAK = YES;
				CLANG_WARN_BLOCK_CAPTURE_AUTORELEASING = YES;
				CLANG_WARN_BOOL_CONVERSION = YES;
				CLANG_WARN_COMMA = YES;
				CLANG_WARN_CONSTANT_CONVERSION = YES;
				CLANG_WARN_DEPRECATED_OBJC_IMPLEMENTATIONS = YES;
				CLANG_WARN_DIRECT_OBJC_ISA_USAGE = YES_ERROR;
				CLANG_WARN_DOCUMENTATION_COMMENTS = YES;
				CLANG_WARN_EMPTY_BODY = YES;
				CLANG_WARN_ENUM_CONVERSION = YES;
				CLANG_WARN_INFINITE_RECURSION = YES;
				CLANG_WARN_INT_CONVERSION = YES;
				CLANG_WARN_NON_LITERAL_NULL_CONVERSION = YES;
				CLANG_WARN_OBJC_IMPLICIT_RETAIN_SELF = YES;
				CLANG_WARN_OBJC_LITERAL_CONVERSION = YES;
				CLANG_WARN_OBJC_ROOT_CLASS = YES_ERROR;
				CLANG_WARN_RANGE_LOOP_ANALYSIS = YES;
				CLANG_WARN_STRICT_PROTOTYPES = YES;
				CLANG_WARN_SUSPICIOUS_MOVE = YES;
				CLANG_WARN_UNGUARDED_AVAILABILITY = YES_AGGRESSIVE;
				CLANG_WARN_UNREACHABLE_CODE = YES;
				CLANG_WARN__DUPLICATE_METHOD_MATCH = YES;
				CODE_SIGN_IDENTITY = "iPhone Developer";
				COPY_PHASE_STRIP = NO;
				DEBUG_INFORMATION_FORMAT = dwarf;
				ENABLE_STRICT_OBJC_MSGSEND = YES;
				ENABLE_TESTABILITY = YES;
				GCC_C_LANGUAGE_STANDARD = gnu11;
				GCC_DYNAMIC_NO_PIC = NO;
				GCC_NO_COMMON_BLOCKS = YES;
				GCC_OPTIMIZATION_LEVEL = 0;
				GCC_PREPROCESSOR_DEFINITIONS = (
					"DEBUG=1",
					"$(inherited)",
				);
				GCC_WARN_64_TO_32_BIT_CONVERSION = YES;
				GCC_WARN_ABOUT_RETURN_TYPE = YES_ERROR;
				GCC_WARN_UNDECLARED_SELECTOR = YES;
				GCC_WARN_UNINITIALIZED_AUTOS = YES_AGGRESSIVE;
				GCC_WARN_UNUSED_FUNCTION = YES;
				GCC_WARN_UNUSED_VARIABLE = YES;
				IPHONEOS_DEPLOYMENT_TARGET = 12.2;
				MTL_ENABLE_DEBUG_INFO = INCLUDE_SOURCE;
				MTL_FAST_MATH = YES;
				ONLY_ACTIVE_ARCH = YES;
				SDKROOT = iphoneos;
				SWIFT_ACTIVE_COMPILATION_CONDITIONS = DEBUG;
				SWIFT_OPTIMIZATION_LEVEL = "-Onone";
			};
			name = Debug;
		};
		043BCAB122B44E4A00F1A2BB /* Release */ = {
			isa = XCBuildConfiguration;
			buildSettings = {
				ALWAYS_SEARCH_USER_PATHS = NO;
				CLANG_ANALYZER_NONNULL = YES;
				CLANG_ANALYZER_NUMBER_OBJECT_CONVERSION = YES_AGGRESSIVE;
				CLANG_CXX_LANGUAGE_STANDARD = "gnu++14";
				CLANG_CXX_LIBRARY = "libc++";
				CLANG_ENABLE_MODULES = YES;
				CLANG_ENABLE_OBJC_ARC = YES;
				CLANG_ENABLE_OBJC_WEAK = YES;
				CLANG_WARN_BLOCK_CAPTURE_AUTORELEASING = YES;
				CLANG_WARN_BOOL_CONVERSION = YES;
				CLANG_WARN_COMMA = YES;
				CLANG_WARN_CONSTANT_CONVERSION = YES;
				CLANG_WARN_DEPRECATED_OBJC_IMPLEMENTATIONS = YES;
				CLANG_WARN_DIRECT_OBJC_ISA_USAGE = YES_ERROR;
				CLANG_WARN_DOCUMENTATION_COMMENTS = YES;
				CLANG_WARN_EMPTY_BODY = YES;
				CLANG_WARN_ENUM_CONVERSION = YES;
				CLANG_WARN_INFINITE_RECURSION = YES;
				CLANG_WARN_INT_CONVERSION = YES;
				CLANG_WARN_NON_LITERAL_NULL_CONVERSION = YES;
				CLANG_WARN_OBJC_IMPLICIT_RETAIN_SELF = YES;
				CLANG_WARN_OBJC_LITERAL_CONVERSION = YES;
				CLANG_WARN_OBJC_ROOT_CLASS = YES_ERROR;
				CLANG_WARN_RANGE_LOOP_ANALYSIS = YES;
				CLANG_WARN_STRICT_PROTOTYPES = YES;
				CLANG_WARN_SUSPICIOUS_MOVE = YES;
				CLANG_WARN_UNGUARDED_AVAILABILITY = YES_AGGRESSIVE;
				CLANG_WARN_UNREACHABLE_CODE = YES;
				CLANG_WARN__DUPLICATE_METHOD_MATCH = YES;
				CODE_SIGN_IDENTITY = "iPhone Developer";
				COPY_PHASE_STRIP = NO;
				DEBUG_INFORMATION_FORMAT = "dwarf-with-dsym";
				ENABLE_NS_ASSERTIONS = NO;
				ENABLE_STRICT_OBJC_MSGSEND = YES;
				GCC_C_LANGUAGE_STANDARD = gnu11;
				GCC_NO_COMMON_BLOCKS = YES;
				GCC_WARN_64_TO_32_BIT_CONVERSION = YES;
				GCC_WARN_ABOUT_RETURN_TYPE = YES_ERROR;
				GCC_WARN_UNDECLARED_SELECTOR = YES;
				GCC_WARN_UNINITIALIZED_AUTOS = YES_AGGRESSIVE;
				GCC_WARN_UNUSED_FUNCTION = YES;
				GCC_WARN_UNUSED_VARIABLE = YES;
				IPHONEOS_DEPLOYMENT_TARGET = 12.2;
				MTL_ENABLE_DEBUG_INFO = NO;
				MTL_FAST_MATH = YES;
				SDKROOT = iphoneos;
				SWIFT_COMPILATION_MODE = wholemodule;
				SWIFT_OPTIMIZATION_LEVEL = "-O";
				VALIDATE_PRODUCT = YES;
			};
			name = Release;
		};
		043BCAB322B44E4A00F1A2BB /* Debug */ = {
			isa = XCBuildConfiguration;
			buildSettings = {
				ASSETCATALOG_COMPILER_APPICON_NAME = AppIcon;
				CODE_SIGN_STYLE = Automatic;
				DEVELOPMENT_TEAM = 7C5XTUX6GS;
				INFOPLIST_FILE = DIningPhilosophers/Info.plist;
				LD_RUNPATH_SEARCH_PATHS = (
					"$(inherited)",
					"@executable_path/Frameworks",
				);
				PRODUCT_BUNDLE_IDENTIFIER = com.sarin.DIningPhilosophers;
				PRODUCT_NAME = "$(TARGET_NAME)";
				SWIFT_VERSION = 5.0;
				TARGETED_DEVICE_FAMILY = "1,2";
			};
			name = Debug;
		};
		043BCAB422B44E4A00F1A2BB /* Release */ = {
			isa = XCBuildConfiguration;
			buildSettings = {
				ASSETCATALOG_COMPILER_APPICON_NAME = AppIcon;
				CODE_SIGN_STYLE = Automatic;
				DEVELOPMENT_TEAM = 7C5XTUX6GS;
				INFOPLIST_FILE = DIningPhilosophers/Info.plist;
				LD_RUNPATH_SEARCH_PATHS = (
					"$(inherited)",
					"@executable_path/Frameworks",
				);
				PRODUCT_BUNDLE_IDENTIFIER = com.sarin.DIningPhilosophers;
				PRODUCT_NAME = "$(TARGET_NAME)";
				SWIFT_VERSION = 5.0;
				TARGETED_DEVICE_FAMILY = "1,2";
			};
			name = Release;
		};
/* End XCBuildConfiguration section */

/* Begin XCConfigurationList section */
		043BCA9B22B44E4800F1A2BB /* Build configuration list for PBXProject "DIningPhilosophers" */ = {
			isa = XCConfigurationList;
			buildConfigurations = (
				043BCAB022B44E4A00F1A2BB /* Debug */,
				043BCAB122B44E4A00F1A2BB /* Release */,
			);
			defaultConfigurationIsVisible = 0;
			defaultConfigurationName = Release;
		};
		043BCAB222B44E4A00F1A2BB /* Build configuration list for PBXNativeTarget "DIningPhilosophers" */ = {
			isa = XCConfigurationList;
			buildConfigurations = (
				043BCAB322B44E4A00F1A2BB /* Debug */,
				043BCAB422B44E4A00F1A2BB /* Release */,
			);
			defaultConfigurationIsVisible = 0;
			defaultConfigurationName = Release;
		};
/* End XCConfigurationList section */
	};
	rootObject = 043BCA9822B44E4800F1A2BB /* Project object */;
}
